{
  "version": 4,
  "terraform_version": "0.12.2",
  "serial": 12,
  "lineage": "d63aecf4-2812-a006-7798-7c512e6ca8db",
  "outputs": {
    "vpcid": {
      "value": "vpc-00b771aee9a7dc020",
      "type": "string"
    }
  },
  "resources": [
    {
      "mode": "managed",
      "type": "aws_internet_gateway",
      "name": "myigw",
      "provider": "provider.aws",
      "instances": [
        {
          "schema_version": 0,
          "attributes": {
            "arn": "arn:aws:ec2:us-west-1:308711700336:internet-gateway/igw-06e4fce34efe12bec",
            "id": "igw-06e4fce34efe12bec",
            "owner_id": "308711700336",
            "tags": null,
            "vpc_id": "vpc-00b771aee9a7dc020"
          },
          "private": "bnVsbA==",
          "depends_on": [
            "aws_vpc.redvpc"
          ]
        }
      ]
    },
    {
      "mode": "managed",
      "type": "aws_route_table",
      "name": "redRT",
      "provider": "provider.aws",
      "instances": [
        {
          "schema_version": 0,
          "attributes": {
            "arn": "arn:aws:ec2:us-west-1:308711700336:route-table/rtb-05c0046f7a98f2d23",
            "id": "rtb-05c0046f7a98f2d23",
            "owner_id": "308711700336",
            "propagating_vgws": [],
            "route": [
              {
                "carrier_gateway_id": "",
                "cidr_block": "0.0.0.0/0",
                "destination_prefix_list_id": "",
                "egress_only_gateway_id": "",
                "gateway_id": "igw-06e4fce34efe12bec",
                "instance_id": "",
                "ipv6_cidr_block": "",
                "local_gateway_id": "",
                "nat_gateway_id": "",
                "network_interface_id": "",
                "transit_gateway_id": "",
                "vpc_endpoint_id": "",
                "vpc_peering_connection_id": ""
              }
            ],
            "tags": null,
            "vpc_id": "vpc-00b771aee9a7dc020"
          },
          "private": "bnVsbA==",
          "depends_on": [
            "aws_internet_gateway.myigw",
            "aws_vpc.redvpc"
          ]
        }
      ]
    },
    {
      "mode": "managed",
      "type": "aws_route_table_association",
      "name": "Redrttosubnet",
      "provider": "provider.aws",
      "instances": [
        {
          "schema_version": 0,
          "attributes": {
            "gateway_id": null,
            "id": "rtbassoc-095bbcbcd84cf9bba",
            "route_table_id": "rtb-05c0046f7a98f2d23",
            "subnet_id": "subnet-0e118d4a204b2d179"
          },
          "private": "bnVsbA==",
          "depends_on": [
            "aws_route_table.redRT",
            "aws_subnet.Redsubnet"
          ]
        }
      ]
    },
    {
      "mode": "managed",
      "type": "aws_subnet",
      "name": "Redsubnet",
      "provider": "provider.aws",
      "instances": [
        {
          "schema_version": 1,
          "attributes": {
            "arn": "arn:aws:ec2:us-west-1:308711700336:subnet/subnet-0e118d4a204b2d179",
            "assign_ipv6_address_on_creation": false,
            "availability_zone": "us-west-1c",
            "availability_zone_id": "usw1-az1",
            "cidr_block": "10.0.1.0/24",
            "customer_owned_ipv4_pool": "",
            "id": "subnet-0e118d4a204b2d179",
            "ipv6_cidr_block": "",
            "ipv6_cidr_block_association_id": "",
            "map_customer_owned_ip_on_launch": false,
            "map_public_ip_on_launch": false,
            "outpost_arn": "",
            "owner_id": "308711700336",
            "tags": {
              "Name": "RSubnet"
            },
            "tags_all": {
              "Name": "RSubnet"
            },
            "timeouts": null,
            "vpc_id": "vpc-00b771aee9a7dc020"
          },
          "private": "eyJlMmJmYjczMC1lY2FhLTExZTYtOGY4OC0zNDM2M2JjN2M0YzAiOnsiY3JlYXRlIjo2MDAwMDAwMDAwMDAsImRlbGV0ZSI6MTIwMDAwMDAwMDAwMH0sInNjaGVtYV92ZXJzaW9uIjoiMSJ9",
          "depends_on": [
            "aws_vpc.redvpc"
          ]
        }
      ]
    },
    {
      "mode": "managed",
      "type": "aws_vpc",
      "name": "redvpc",
      "provider": "provider.aws",
      "instances": [
        {
          "schema_version": 1,
          "attributes": {
            "arn": "arn:aws:ec2:us-west-1:308711700336:vpc/vpc-00b771aee9a7dc020",
            "assign_generated_ipv6_cidr_block": false,
            "cidr_block": "10.0.0.0/16",
            "default_network_acl_id": "acl-08d81faf7ece27f24",
            "default_route_table_id": "rtb-08dc33f6c627dacaf",
            "default_security_group_id": "sg-0426632f3b5b6a85a",
            "dhcp_options_id": "dopt-2ebb6c48",
            "enable_classiclink": false,
            "enable_classiclink_dns_support": false,
            "enable_dns_hostnames": false,
            "enable_dns_support": true,
            "id": "vpc-00b771aee9a7dc020",
            "instance_tenancy": "default",
            "ipv6_association_id": "",
            "ipv6_cidr_block": "",
            "main_route_table_id": "rtb-08dc33f6c627dacaf",
            "owner_id": "308711700336",
            "tags": {
              "Name": "RVPC"
            },
            "tags_all": {
              "Name": "RVPC"
            }
          },
          "private": "eyJzY2hlbWFfdmVyc2lvbiI6IjEifQ=="
        }
      ]
    }
  ]
}
